{
    "_meta": {
        "hash": {
            "sha256": "5f7ccec3f362da686bd9aaebfc1a9d7660e50a4918e9e9a35f0adaac56f8488e"
        },
        "pipfile-spec": 6,
        "requires": {
            "python_full_version": "3.11.6",
            "python_version": "3.11"
        },
        "sources": [
            {
                "name": "pypi",
                "url": "https://pypi.org/simple",
                "verify_ssl": true
            }
        ]
    },
    "default": {
        "build": {
            "hashes": [
                "sha256:538aab1b64f9828977f84bc63ae570b060a8ed1be419e7870b8b4fc5e6ea553b",
                "sha256:589bf99a67df7c9cf07ec0ac0e5e2ea5d4b37ac63301c4986d1acb126aa83f8f"
            ],
            "index": "pypi",
            "markers": "python_version >= '3.7'",
            "version": "==1.0.3"
        },
        "colorama": {
            "hashes": [
                "sha256:08695f5cb7ed6e0531a20572697297273c47b8cae5a63ffc6d6ed5c201be6e44",
                "sha256:4f1d9991f5acc0ca119f9d443620b77f9d6b33703e51011c16baf57afb285fc6"
            ],
            "markers": "os_name == 'nt'",
            "version": "==0.4.6"
        },
        "keyboard": {
            "hashes": [
                "sha256:63ed83305955939ca5c9a73755e5cc43e8242263f5ad5fd3bb7e0b032f3d308b",
                "sha256:8e9c2422f1217e0bd84489b9ecd361027cc78415828f4fe4f88dd4acd587947b"
            ],
            "index": "pypi",
            "version": "==0.13.5"
        },
        "markdown-it-py": {
            "hashes": [
                "sha256:355216845c60bd96232cd8d8c40e8f9765cc86f46880e43a8fd22dc1a1a8cab1",
                "sha256:e3f60a94fa066dc52ec76661e37c851cb232d92f9886b15cb560aaada2df8feb"
            ],
            "index": "pypi",
            "markers": "python_version >= '3.8'",
            "version": "==3.0.0"
        },
        "mdurl": {
            "hashes": [
                "sha256:84008a41e51615a49fc9966191ff91509e3c40b939176e643fd50a5c2196b8f8",
                "sha256:bb413d29f5eea38f31dd4754dd7377d4465116fb207585f97bf925588687c1ba"
            ],
            "index": "pypi",
            "markers": "python_version >= '3.7'",
            "version": "==0.1.2"
        },
        "packaging": {
            "hashes": [
                "sha256:048fb0e9405036518eaaf48a55953c750c11e1a1b68e0dd1a9d62ed0c092cfc5",
                "sha256:8c491190033a9af7e1d931d0b5dacc2ef47509b34dd0de67ed209b5203fc88c7"
            ],
            "index": "pypi",
            "markers": "python_version >= '3.7'",
            "version": "==23.2"
        },
        "phonenumbers": {
            "hashes": [
                "sha256:97269235cfd99b907d96bf6223599d3347010ea93bba9d06f88629c021fc2166",
                "sha256:983bda7a3a8b2fad31806db109d4d36b2758ed16d0ab7ad5e737541a67d4637e"
            ],
            "index": "pypi",
            "version": "==8.13.27"
        },
        "prompt-toolkit": {
            "hashes": [
                "sha256:3527b7af26106cbc65a040bcc84839a3566ec1b051bb0bfe953631e704b0ff7d",
                "sha256:a11a29cb3bf0a28a387fe5122cdb649816a957cd9261dcedf8c9f1fef33eacf6"
            ],
            "index": "pypi",
            "markers": "python_full_version >= '3.7.0'",
            "version": "==3.0.43"
        },
        "pygments": {
            "hashes": [
                "sha256:b27c2826c47d0f3219f29554824c30c5e8945175d888647acd804ddd04af846c",
                "sha256:da46cec9fd2de5be3a8a784f434e4c4ab670b4ff54d605c4c2717e9d49c4c367"
            ],
            "index": "pypi",
            "markers": "python_version >= '3.7'",
            "version": "==2.17.2"
        },
        "pyperclip": {
            "hashes": [
                "sha256:105254a8b04934f0bc84e9c24eb360a591aaf6535c9def5f29d92af107a9bf57"
            ],
            "index": "pypi",
            "version": "==1.8.2"
        },
        "pyproject-hooks": {
            "hashes": [
                "sha256:283c11acd6b928d2f6a7c73fa0d01cb2bdc5f07c57a2eeb6e83d5e56b97976f8",
                "sha256:f271b298b97f5955d53fb12b72c1fb1948c22c1a6b70b315c54cedaca0264ef5"
            ],
            "index": "pypi",
            "markers": "python_version >= '3.7'",
            "version": "==1.0.0"
        },
        "rich": {
            "hashes": [
                "sha256:5cb5123b5cf9ee70584244246816e9114227e0b98ad9176eede6ad54bf5403fa",
                "sha256:6da14c108c4866ee9520bbffa71f6fe3962e193b7da68720583850cd4548e235"
            ],
            "index": "pypi",
            "markers": "python_full_version >= '3.7.0'",
            "version": "==13.7.0"
        },
        "wcwidth": {
            "hashes": [
                "sha256:3da69048e4540d84af32131829ff948f1e022c1c6bdb8d6102117aac784f6859",
                "sha256:72ea0c06399eb286d978fdedb6923a9eb47e1c486ce63e9b4e64fc18303972b5"
            ],
            "version": "==0.2.13"
        }
    },
    "develop": {}
}
